
Microsoft Visual Studio Solution File, Format Version 12.00
# Visual Studio Version 17
VisualStudioVersion = 17.0.31912.275
MinimumVisualStudioVersion = 10.0.40219.1
Project("{FAE04EC0-301F-11D3-BF4B-00C04F79EFBC}") = "aoc-21.3", "aoc-21.3.csproj", "{00AA46EF-33C4-4481-8F9F-2DCF7C4D603B}"
EndProject
Global
	GlobalSection(SolutionConfigurationPlatforms) = preSolution
		Debug|Any CPU = Debug|Any CPU
		Release|Any CPU = Release|Any CPU
	EndGlobalSection
	GlobalSection(ProjectConfigurationPlatforms) = postSolution
		{00AA46EF-33C4-4481-8F9F-2DCF7C4D603B}.Debug|Any CPU.ActiveCfg = Debug|Any CPU
		{00AA46EF-33C4-4481-8F9F-2DCF7C4D603B}.Debug|Any CPU.Build.0 = Debug|Any CPU
		{00AA46EF-33C4-4481-8F9F-2DCF7C4D603B}.Release|Any CPU.ActiveCfg = Release|Any CPU
		{00AA46EF-33C4-4481-8F9F-2DCF7C4D603B}.Release|Any CPU.Build.0 = Release|Any CPU
	EndGlobalSection
	GlobalSection(SolutionProperties) = preSolution
		HideSolutionNode = FALSE
	EndGlobalSection
	GlobalSection(ExtensibilityGlobals) = postSolution
		SolutionGuid = {5606B553-3E11-43BC-8889-F6480C05480D}
	EndGlobalSection
EndGlobal
